
Microsoft Visual Studio Solution File, Format Version 12.00
# Visual Studio Version 16
VisualStudioVersion = 16.0.30114.105
MinimumVisualStudioVersion = 10.0.40219.1
Project("{FAE04EC0-301F-11D3-BF4B-00C04F79EFBC}") = "ИС_формирование_заказов_компании_по_продаже_электроники", "ИС_формирование_заказов_компании_по_продаже_электроники\ИС_формирование_заказов_компании_по_продаже_электроники.csproj", "{0EE5317A-C471-4C1D-806A-D579AB28A862}"
EndProject
Global
	GlobalSection(SolutionConfigurationPlatforms) = preSolution
		Debug|Any CPU = Debug|Any CPU
		Release|Any CPU = Release|Any CPU
	EndGlobalSection
	GlobalSection(ProjectConfigurationPlatforms) = postSolution
		{0EE5317A-C471-4C1D-806A-D579AB28A862}.Debug|Any CPU.ActiveCfg = Debug|Any CPU
		{0EE5317A-C471-4C1D-806A-D579AB28A862}.Debug|Any CPU.Build.0 = Debug|Any CPU
		{0EE5317A-C471-4C1D-806A-D579AB28A862}.Release|Any CPU.ActiveCfg = Release|Any CPU
		{0EE5317A-C471-4C1D-806A-D579AB28A862}.Release|Any CPU.Build.0 = Release|Any CPU
	EndGlobalSection
	GlobalSection(SolutionProperties) = preSolution
		HideSolutionNode = FALSE
	EndGlobalSection
	GlobalSection(ExtensibilityGlobals) = postSolution
		SolutionGuid = {EFF9EC2A-1F34-4145-B05E-BD7E688F3949}
	EndGlobalSection
EndGlobal
